// !$*UTF8*$!
{
	archiveVersion = 1;
	classes = {
	};
	objectVersion = 50;
	objects = {

/* Begin PBXBuildFile section */
		191D2773252FBB9000CEBDE6 /* AppDelegate.swift in Sources */ = {isa = PBXBuildFile; fileRef = 191D2772252FBB9000CEBDE6 /* AppDelegate.swift */; };
		191D2775252FBB9000CEBDE6 /* SceneDelegate.swift in Sources */ = {isa = PBXBuildFile; fileRef = 191D2774252FBB9000CEBDE6 /* SceneDelegate.swift */; };
		191D2777252FBB9000CEBDE6 /* ViewController.swift in Sources */ = {isa = PBXBuildFile; fileRef = 191D2776252FBB9000CEBDE6 /* ViewController.swift */; };
		191D277A252FBB9000CEBDE6 /* Main.storyboard in Resources */ = {isa = PBXBuildFile; fileRef = 191D2778252FBB9000CEBDE6 /* Main.storyboard */; };
		191D277C252FBB9300CEBDE6 /* Assets.xcassets in Resources */ = {isa = PBXBuildFile; fileRef = 191D277B252FBB9300CEBDE6 /* Assets.xcassets */; };
		191D277F252FBB9300CEBDE6 /* LaunchScreen.storyboard in Resources */ = {isa = PBXBuildFile; fileRef = 191D277D252FBB9300CEBDE6 /* LaunchScreen.storyboard */; };
		191D2788252FBD0800CEBDE6 /* CarTableViewCell.swift in Sources */ = {isa = PBXBuildFile; fileRef = 191D2787252FBD0800CEBDE6 /* CarTableViewCell.swift */; };
		191D278B252FBD1100CEBDE6 /* Car.swift in Sources */ = {isa = PBXBuildFile; fileRef = 191D278A252FBD1100CEBDE6 /* Car.swift */; };
/* End PBXBuildFile section */

/* Begin PBXFileReference section */
		191D276F252FBB9000CEBDE6 /* TableViewExercicio.app */ = {isa = PBXFileReference; explicitFileType = wrapper.application; includeInIndex = 0; path = TableViewExercicio.app; sourceTree = BUILT_PRODUCTS_DIR; };
		191D2772252FBB9000CEBDE6 /* AppDelegate.swift */ = {isa = PBXFileReference; lastKnownFileType = sourcecode.swift; path = AppDelegate.swift; sourceTree = "<group>"; };
		191D2774252FBB9000CEBDE6 /* SceneDelegate.swift */ = {isa = PBXFileReference; lastKnownFileType = sourcecode.swift; path = SceneDelegate.swift; sourceTree = "<group>"; };
		191D2776252FBB9000CEBDE6 /* ViewController.swift */ = {isa = PBXFileReference; lastKnownFileType = sourcecode.swift; path = ViewController.swift; sourceTree = "<group>"; };
		191D2779252FBB9000CEBDE6 /* Base */ = {isa = PBXFileReference; lastKnownFileType = file.storyboard; name = Base; path = Base.lproj/Main.storyboard; sourceTree = "<group>"; };
		191D277B252FBB9300CEBDE6 /* Assets.xcassets */ = {isa = PBXFileReference; lastKnownFileType = folder.assetcatalog; path = Assets.xcassets; sourceTree = "<group>"; };
		191D277E252FBB9300CEBDE6 /* Base */ = {isa = PBXFileReference; lastKnownFileType = file.storyboard; name = Base; path = Base.lproj/LaunchScreen.storyboard; sourceTree = "<group>"; };
		191D2780252FBB9300CEBDE6 /* Info.plist */ = {isa = PBXFileReference; lastKnownFileType = text.plist.xml; path = Info.plist; sourceTree = "<group>"; };
		191D2787252FBD0800CEBDE6 /* CarTableViewCell.swift */ = {isa = PBXFileReference; lastKnownFileType = sourcecode.swift; path = CarTableViewCell.swift; sourceTree = "<group>"; };
		191D278A252FBD1100CEBDE6 /* Car.swift */ = {isa = PBXFileReference; lastKnownFileType = sourcecode.swift; path = Car.swift; sourceTree = "<group>"; };
/* End PBXFileReference section */

/* Begin PBXFrameworksBuildPhase section */
		191D276C252FBB9000CEBDE6 /* Frameworks */ = {
			isa = PBXFrameworksBuildPhase;
			buildActionMask = 2147483647;
			files = (
			);
			runOnlyForDeploymentPostprocessing = 0;
		};
/* End PBXFrameworksBuildPhase section */

/* Begin PBXGroup section */
		191D2766252FBB8F00CEBDE6 = {
			isa = PBXGroup;
			children = (
				191D2771252FBB9000CEBDE6 /* TableViewExercicio */,
				191D2770252FBB9000CEBDE6 /* Products */,
			);
			sourceTree = "<group>";
		};
		191D2770252FBB9000CEBDE6 /* Products */ = {
			isa = PBXGroup;
			children = (
				191D276F252FBB9000CEBDE6 /* TableViewExercicio.app */,
			);
			name = Products;
			sourceTree = "<group>";
		};
		191D2771252FBB9000CEBDE6 /* TableViewExercicio */ = {
			isa = PBXGroup;
			children = (
				191D2772252FBB9000CEBDE6 /* AppDelegate.swift */,
				191D277B252FBB9300CEBDE6 /* Assets.xcassets */,
				191D278A252FBD1100CEBDE6 /* Car.swift */,
				191D2787252FBD0800CEBDE6 /* CarTableViewCell.swift */,
				191D2780252FBB9300CEBDE6 /* Info.plist */,
				191D277D252FBB9300CEBDE6 /* LaunchScreen.storyboard */,
				191D2778252FBB9000CEBDE6 /* Main.storyboard */,
				191D2774252FBB9000CEBDE6 /* SceneDelegate.swift */,
				191D2776252FBB9000CEBDE6 /* ViewController.swift */,
			);
			path = TableViewExercicio;
			sourceTree = "<group>";
		};
/* End PBXGroup section */

/* Begin PBXNativeTarget section */
		191D276E252FBB9000CEBDE6 /* TableViewExercicio */ = {
			isa = PBXNativeTarget;
			buildConfigurationList = 191D2783252FBB9300CEBDE6 /* Build configuration list for PBXNativeTarget "TableViewExercicio" */;
			buildPhases = (
				191D276B252FBB9000CEBDE6 /* Sources */,
				191D276C252FBB9000CEBDE6 /* Frameworks */,
				191D276D252FBB9000CEBDE6 /* Resources */,
			);
			buildRules = (
			);
			dependencies = (
			);
			name = TableViewExercicio;
			productName = TableViewExercicio;
			productReference = 191D276F252FBB9000CEBDE6 /* TableViewExercicio.app */;
			productType = "com.apple.product-type.application";
		};
/* End PBXNativeTarget section */

/* Begin PBXProject section */
		191D2767252FBB8F00CEBDE6 /* Project object */ = {
			isa = PBXProject;
			attributes = {
				LastSwiftUpdateCheck = 1200;
				LastUpgradeCheck = 1200;
				TargetAttributes = {
					191D276E252FBB9000CEBDE6 = {
						CreatedOnToolsVersion = 12.0.1;
					};
				};
			};
			buildConfigurationList = 191D276A252FBB8F00CEBDE6 /* Build configuration list for PBXProject "TableViewExercicio" */;
			compatibilityVersion = "Xcode 9.3";
			developmentRegion = en;
			hasScannedForEncodings = 0;
			knownRegions = (
				en,
				Base,
			);
			mainGroup = 191D2766252FBB8F00CEBDE6;
			productRefGroup = 191D2770252FBB9000CEBDE6 /* Products */;
			projectDirPath = "";
			projectRoot = "";
			targets = (
				191D276E252FBB9000CEBDE6 /* TableViewExercicio */,
			);
		};
/* End PBXProject section */

/* Begin PBXResourcesBuildPhase section */
		191D276D252FBB9000CEBDE6 /* Resources */ = {
			isa = PBXResourcesBuildPhase;
			buildActionMask = 2147483647;
			files = (
				191D277F252FBB9300CEBDE6 /* LaunchScreen.storyboard in Resources */,
				191D277C252FBB9300CEBDE6 /* Assets.xcassets in Resources */,
				191D277A252FBB9000CEBDE6 /* Main.storyboard in Resources */,
			);
			runOnlyForDeploymentPostprocessing = 0;
		};
/* End PBXResourcesBuildPhase section */

/* Begin PBXSourcesBuildPhase section */
		191D276B252FBB9000CEBDE6 /* Sources */ = {
			isa = PBXSourcesBuildPhase;
			buildActionMask = 2147483647;
			files = (
				191D278B252FBD1100CEBDE6 /* Car.swift in Sources */,
				191D2777252FBB9000CEBDE6 /* ViewController.swift in Sources */,
				191D2773252FBB9000CEBDE6 /* AppDelegate.swift in Sources */,
				191D2788252FBD0800CEBDE6 /* CarTableViewCell.swift in Sources */,
				191D2775252FBB9000CEBDE6 /* SceneDelegate.swift in Sources */,
			);
			runOnlyForDeploymentPostprocessing = 0;
		};
/* End PBXSourcesBuildPhase section */

/* Begin PBXVariantGroup section */
		191D2778252FBB9000CEBDE6 /* Main.storyboard */ = {
			isa = PBXVariantGroup;
			children = (
				191D2779252FBB9000CEBDE6 /* Base */,
			);
			name = Main.storyboard;
			sourceTree = "<group>";
		};
		191D277D252FBB9300CEBDE6 /* LaunchScreen.storyboard */ = {
			isa = PBXVariantGroup;
			children = (
				191D277E252FBB9300CEBDE6 /* Base */,
			);
			name = LaunchScreen.storyboard;
			sourceTree = "<group>";
		};
/* End PBXVariantGroup section */

/* Begin XCBuildConfiguration section */
		191D2781252FBB9300CEBDE6 /* Debug */ = {
			isa = XCBuildConfiguration;
			buildSettings = {
				ALWAYS_SEARCH_USER_PATHS = NO;
				CLANG_ANALYZER_NONNULL = YES;
				CLANG_ANALYZER_NUMBER_OBJECT_CONVERSION = YES_AGGRESSIVE;
				CLANG_CXX_LANGUAGE_STANDARD = "gnu++14";
				CLANG_CXX_LIBRARY = "libc++";
				CLANG_ENABLE_MODULES = YES;
				CLANG_ENABLE_OBJC_ARC = YES;
				CLANG_ENABLE_OBJC_WEAK = YES;
				CLANG_WARN_BLOCK_CAPTURE_AUTORELEASING = YES;
				CLANG_WARN_BOOL_CONVERSION = YES;
				CLANG_WARN_COMMA = YES;
				CLANG_WARN_CONSTANT_CONVERSION = YES;
				CLANG_WARN_DEPRECATED_OBJC_IMPLEMENTATIONS = YES;
				CLANG_WARN_DIRECT_OBJC_ISA_USAGE = YES_ERROR;
				CLANG_WARN_DOCUMENTATION_COMMENTS = YES;
				CLANG_WARN_EMPTY_BODY = YES;
				CLANG_WARN_ENUM_CONVERSION = YES;
				CLANG_WARN_INFINITE_RECURSION = YES;
				CLANG_WARN_INT_CONVERSION = YES;
				CLANG_WARN_NON_LITERAL_NULL_CONVERSION = YES;
				CLANG_WARN_OBJC_IMPLICIT_RETAIN_SELF = YES;
				CLANG_WARN_OBJC_LITERAL_CONVERSION = YES;
				CLANG_WARN_OBJC_ROOT_CLASS = YES_ERROR;
				CLANG_WARN_QUOTED_INCLUDE_IN_FRAMEWORK_HEADER = YES;
				CLANG_WARN_RANGE_LOOP_ANALYSIS = YES;
				CLANG_WARN_STRICT_PROTOTYPES = YES;
				CLANG_WARN_SUSPICIOUS_MOVE = YES;
				CLANG_WARN_UNGUARDED_AVAILABILITY = YES_AGGRESSIVE;
				CLANG_WARN_UNREACHABLE_CODE = YES;
				CLANG_WARN__DUPLICATE_METHOD_MATCH = YES;
				COPY_PHASE_STRIP = NO;
				DEBUG_INFORMATION_FORMAT = dwarf;
				ENABLE_STRICT_OBJC_MSGSEND = YES;
				ENABLE_TESTABILITY = YES;
				GCC_C_LANGUAGE_STANDARD = gnu11;
				GCC_DYNAMIC_NO_PIC = NO;
				GCC_NO_COMMON_BLOCKS = YES;
				GCC_OPTIMIZATION_LEVEL = 0;
				GCC_PREPROCESSOR_DEFINITIONS = (
					"DEBUG=1",
					"$(inherited)",
				);
				GCC_WARN_64_TO_32_BIT_CONVERSION = YES;
				GCC_WARN_ABOUT_RETURN_TYPE = YES_ERROR;
				GCC_WARN_UNDECLARED_SELECTOR = YES;
				GCC_WARN_UNINITIALIZED_AUTOS = YES_AGGRESSIVE;
				GCC_WARN_UNUSED_FUNCTION = YES;
				GCC_WARN_UNUSED_VARIABLE = YES;
				IPHONEOS_DEPLOYMENT_TARGET = 14.0;
				MTL_ENABLE_DEBUG_INFO = INCLUDE_SOURCE;
				MTL_FAST_MATH = YES;
				ONLY_ACTIVE_ARCH = YES;
				SDKROOT = iphoneos;
				SWIFT_ACTIVE_COMPILATION_CONDITIONS = DEBUG;
				SWIFT_OPTIMIZATION_LEVEL = "-Onone";
			};
			name = Debug;
		};
		191D2782252FBB9300CEBDE6 /* Release */ = {
			isa = XCBuildConfiguration;
			buildSettings = {
				ALWAYS_SEARCH_USER_PATHS = NO;
				CLANG_ANALYZER_NONNULL = YES;
				CLANG_ANALYZER_NUMBER_OBJECT_CONVERSION = YES_AGGRESSIVE;
				CLANG_CXX_LANGUAGE_STANDARD = "gnu++14";
				CLANG_CXX_LIBRARY = "libc++";
				CLANG_ENABLE_MODULES = YES;
				CLANG_ENABLE_OBJC_ARC = YES;
				CLANG_ENABLE_OBJC_WEAK = YES;
				CLANG_WARN_BLOCK_CAPTURE_AUTORELEASING = YES;
				CLANG_WARN_BOOL_CONVERSION = YES;
				CLANG_WARN_COMMA = YES;
				CLANG_WARN_CONSTANT_CONVERSION = YES;
				CLANG_WARN_DEPRECATED_OBJC_IMPLEMENTATIONS = YES;
				CLANG_WARN_DIRECT_OBJC_ISA_USAGE = YES_ERROR;
				CLANG_WARN_DOCUMENTATION_COMMENTS = YES;
				CLANG_WARN_EMPTY_BODY = YES;
				CLANG_WARN_ENUM_CONVERSION = YES;
				CLANG_WARN_INFINITE_RECURSION = YES;
				CLANG_WARN_INT_CONVERSION = YES;
				CLANG_WARN_NON_LITERAL_NULL_CONVERSION = YES;
				CLANG_WARN_OBJC_IMPLICIT_RETAIN_SELF = YES;
				CLANG_WARN_OBJC_LITERAL_CONVERSION = YES;
				CLANG_WARN_OBJC_ROOT_CLASS = YES_ERROR;
				CLANG_WARN_QUOTED_INCLUDE_IN_FRAMEWORK_HEADER = YES;
				CLANG_WARN_RANGE_LOOP_ANALYSIS = YES;
				CLANG_WARN_STRICT_PROTOTYPES = YES;
				CLANG_WARN_SUSPICIOUS_MOVE = YES;
				CLANG_WARN_UNGUARDED_AVAILABILITY = YES_AGGRESSIVE;
				CLANG_WARN_UNREACHABLE_CODE = YES;
				CLANG_WARN__DUPLICATE_METHOD_MATCH = YES;
				COPY_PHASE_STRIP = NO;
				DEBUG_INFORMATION_FORMAT = "dwarf-with-dsym";
				ENABLE_NS_ASSERTIONS = NO;
				ENABLE_STRICT_OBJC_MSGSEND = YES;
				GCC_C_LANGUAGE_STANDARD = gnu11;
				GCC_NO_COMMON_BLOCKS = YES;
				GCC_WARN_64_TO_32_BIT_CONVERSION = YES;
				GCC_WARN_ABOUT_RETURN_TYPE = YES_ERROR;
				GCC_WARN_UNDECLARED_SELECTOR = YES;
				GCC_WARN_UNINITIALIZED_AUTOS = YES_AGGRESSIVE;
				GCC_WARN_UNUSED_FUNCTION = YES;
				GCC_WARN_UNUSED_VARIABLE = YES;
				IPHONEOS_DEPLOYMENT_TARGET = 14.0;
				MTL_ENABLE_DEBUG_INFO = NO;
				MTL_FAST_MATH = YES;
				SDKROOT = iphoneos;
				SWIFT_COMPILATION_MODE = wholemodule;
				SWIFT_OPTIMIZATION_LEVEL = "-O";
				VALIDATE_PRODUCT = YES;
			};
			name = Release;
		};
		191D2784252FBB9300CEBDE6 /* Debug */ = {
			isa = XCBuildConfiguration;
			buildSettings = {
				ASSETCATALOG_COMPILER_APPICON_NAME = AppIcon;
				ASSETCATALOG_COMPILER_GLOBAL_ACCENT_COLOR_NAME = AccentColor;
				CODE_SIGN_STYLE = Automatic;
				INFOPLIST_FILE = TableViewExercicio/Info.plist;
				LD_RUNPATH_SEARCH_PATHS = (
					"$(inherited)",
					"@executable_path/Frameworks",
				);
				PRODUCT_BUNDLE_IDENTIFIER = br.com.mizialmeida.TableViewExercicio;
				PRODUCT_NAME = "$(TARGET_NAME)";
				SWIFT_VERSION = 5.0;
				TARGETED_DEVICE_FAMILY = "1,2";
			};
			name = Debug;
		};
		191D2785252FBB9300CEBDE6 /* Release */ = {
			isa = XCBuildConfiguration;
			buildSettings = {
				ASSETCATALOG_COMPILER_APPICON_NAME = AppIcon;
				ASSETCATALOG_COMPILER_GLOBAL_ACCENT_COLOR_NAME = AccentColor;
				CODE_SIGN_STYLE = Automatic;
				INFOPLIST_FILE = TableViewExercicio/Info.plist;
				LD_RUNPATH_SEARCH_PATHS = (
					"$(inherited)",
					"@executable_path/Frameworks",
				);
				PRODUCT_BUNDLE_IDENTIFIER = br.com.mizialmeida.TableViewExercicio;
				PRODUCT_NAME = "$(TARGET_NAME)";
				SWIFT_VERSION = 5.0;
				TARGETED_DEVICE_FAMILY = "1,2";
			};
			name = Release;
		};
/* End XCBuildConfiguration section */

/* Begin XCConfigurationList section */
		191D276A252FBB8F00CEBDE6 /* Build configuration list for PBXProject "TableViewExercicio" */ = {
			isa = XCConfigurationList;
			buildConfigurations = (
				191D2781252FBB9300CEBDE6 /* Debug */,
				191D2782252FBB9300CEBDE6 /* Release */,
			);
			defaultConfigurationIsVisible = 0;
			defaultConfigurationName = Release;
		};
		191D2783252FBB9300CEBDE6 /* Build configuration list for PBXNativeTarget "TableViewExercicio" */ = {
			isa = XCConfigurationList;
			buildConfigurations = (
				191D2784252FBB9300CEBDE6 /* Debug */,
				191D2785252FBB9300CEBDE6 /* Release */,
			);
			defaultConfigurationIsVisible = 0;
			defaultConfigurationName = Release;
		};
/* End XCConfigurationList section */
	};
	rootObject = 191D2767252FBB8F00CEBDE6 /* Project object */;
}
